
Microsoft Visual Studio Solution File, Format Version 12.00
# Visual Studio Version 17
VisualStudioVersion = 17.13.35825.156 d17.13
MinimumVisualStudioVersion = 10.0.40219.1
Project("{FAE04EC0-301F-11D3-BF4B-00C04F79EFBC}") = "Simple Hotel Management System_OOP", "Simple Hotel Management System_OOP.csproj", "{B5A53036-60B0-4F06-BA0B-B70ADBF984FD}"
EndProject
Global
	GlobalSection(SolutionConfigurationPlatforms) = preSolution
		Debug|Any CPU = Debug|Any CPU
		Release|Any CPU = Release|Any CPU
	EndGlobalSection
	GlobalSection(ProjectConfigurationPlatforms) = postSolution
		{B5A53036-60B0-4F06-BA0B-B70ADBF984FD}.Debug|Any CPU.ActiveCfg = Debug|Any CPU
		{B5A53036-60B0-4F06-BA0B-B70ADBF984FD}.Debug|Any CPU.Build.0 = Debug|Any CPU
		{B5A53036-60B0-4F06-BA0B-B70ADBF984FD}.Release|Any CPU.ActiveCfg = Release|Any CPU
		{B5A53036-60B0-4F06-BA0B-B70ADBF984FD}.Release|Any CPU.Build.0 = Release|Any CPU
	EndGlobalSection
	GlobalSection(SolutionProperties) = preSolution
		HideSolutionNode = FALSE
	EndGlobalSection
	GlobalSection(ExtensibilityGlobals) = postSolution
		SolutionGuid = {8AF6A3C3-FE01-4DB6-AA82-2BC43DD6A47C}
	EndGlobalSection
EndGlobal
